
Microsoft Visual Studio Solution File, Format Version 12.00
# Visual Studio Version 17
VisualStudioVersion = 17.6.33723.286
MinimumVisualStudioVersion = 10.0.40219.1
Project("{FAE04EC0-301F-11D3-BF4B-00C04F79EFBC}") = "Movie_MVC", "Movie_MVC\Movie_MVC.csproj", "{A528C830-2A8F-4D2F-BD72-F3EF01265106}"
EndProject
Global
	GlobalSection(SolutionConfigurationPlatforms) = preSolution
		Debug|Any CPU = Debug|Any CPU
		Release|Any CPU = Release|Any CPU
	EndGlobalSection
	GlobalSection(ProjectConfigurationPlatforms) = postSolution
		{A528C830-2A8F-4D2F-BD72-F3EF01265106}.Debug|Any CPU.ActiveCfg = Debug|Any CPU
		{A528C830-2A8F-4D2F-BD72-F3EF01265106}.Debug|Any CPU.Build.0 = Debug|Any CPU
		{A528C830-2A8F-4D2F-BD72-F3EF01265106}.Release|Any CPU.ActiveCfg = Release|Any CPU
		{A528C830-2A8F-4D2F-BD72-F3EF01265106}.Release|Any CPU.Build.0 = Release|Any CPU
	EndGlobalSection
	GlobalSection(SolutionProperties) = preSolution
		HideSolutionNode = FALSE
	EndGlobalSection
	GlobalSection(ExtensibilityGlobals) = postSolution
		SolutionGuid = {7F12096D-B4D6-452F-A41A-E601DCA847EA}
	EndGlobalSection
EndGlobal
